
Microsoft Visual Studio Solution File, Format Version 11.00
# Visual Studio 2010
Project("{8BC9CEB8-8B4A-11D0-8D11-00A0C91BC942}") = "text_mine", "text_mine\text_mine.vcxproj", "{BDED7BA9-D3A6-447F-BAD6-9C8865BFF859}"
EndProject
Global
	GlobalSection(SolutionConfigurationPlatforms) = preSolution
		Debug|Win32 = Debug|Win32
		Release|Win32 = Release|Win32
	EndGlobalSection
	GlobalSection(ProjectConfigurationPlatforms) = postSolution
		{BDED7BA9-D3A6-447F-BAD6-9C8865BFF859}.Debug|Win32.ActiveCfg = Debug|Win32
		{BDED7BA9-D3A6-447F-BAD6-9C8865BFF859}.Debug|Win32.Build.0 = Debug|Win32
		{BDED7BA9-D3A6-447F-BAD6-9C8865BFF859}.Release|Win32.ActiveCfg = Release|Win32
		{BDED7BA9-D3A6-447F-BAD6-9C8865BFF859}.Release|Win32.Build.0 = Release|Win32
	EndGlobalSection
	GlobalSection(SolutionProperties) = preSolution
		HideSolutionNode = FALSE
	EndGlobalSection
EndGlobal
